
Microsoft Visual Studio Solution File, Format Version 12.00
# Visual Studio 15
VisualStudioVersion = 15.0.27130.2027
MinimumVisualStudioVersion = 10.0.40219.1
Project("{FAE04EC0-301F-11D3-BF4B-00C04F79EFBC}") = "SiennaBadger.Web", "SiennaBadger\SiennaBadger.Web.csproj", "{0CBCC3D7-69EF-473B-B176-C2D27C9573BF}"
EndProject
Project("{FAE04EC0-301F-11D3-BF4B-00C04F79EFBC}") = "SiennaBadger.Tests", "SiennaBadger.Tests\SiennaBadger.Tests.csproj", "{DC2472E7-B628-4549-ABF6-F8D6D6941ED1}"
EndProject
Project("{FAE04EC0-301F-11D3-BF4B-00C04F79EFBC}") = "SiennaBadger.Data", "SiennaBadger.Data\SiennaBadger.Data.csproj", "{EFBD0B69-210E-4588-894B-75A297659AFC}"
EndProject
Project("{FAE04EC0-301F-11D3-BF4B-00C04F79EFBC}") = "SiennaBadger.Services", "SiennaBadger.Services\SiennaBadger.Services.csproj", "{7C4078B6-52EE-4550-B7EE-3E2CA6785D04}"
EndProject
Global
	GlobalSection(SolutionConfigurationPlatforms) = preSolution
		Debug|Any CPU = Debug|Any CPU
		Release|Any CPU = Release|Any CPU
	EndGlobalSection
	GlobalSection(ProjectConfigurationPlatforms) = postSolution
		{0CBCC3D7-69EF-473B-B176-C2D27C9573BF}.Debug|Any CPU.ActiveCfg = Debug|Any CPU
		{0CBCC3D7-69EF-473B-B176-C2D27C9573BF}.Debug|Any CPU.Build.0 = Debug|Any CPU
		{0CBCC3D7-69EF-473B-B176-C2D27C9573BF}.Release|Any CPU.ActiveCfg = Release|Any CPU
		{0CBCC3D7-69EF-473B-B176-C2D27C9573BF}.Release|Any CPU.Build.0 = Release|Any CPU
		{DC2472E7-B628-4549-ABF6-F8D6D6941ED1}.Debug|Any CPU.ActiveCfg = Debug|Any CPU
		{DC2472E7-B628-4549-ABF6-F8D6D6941ED1}.Debug|Any CPU.Build.0 = Debug|Any CPU
		{DC2472E7-B628-4549-ABF6-F8D6D6941ED1}.Release|Any CPU.ActiveCfg = Release|Any CPU
		{DC2472E7-B628-4549-ABF6-F8D6D6941ED1}.Release|Any CPU.Build.0 = Release|Any CPU
		{EFBD0B69-210E-4588-894B-75A297659AFC}.Debug|Any CPU.ActiveCfg = Debug|Any CPU
		{EFBD0B69-210E-4588-894B-75A297659AFC}.Debug|Any CPU.Build.0 = Debug|Any CPU
		{EFBD0B69-210E-4588-894B-75A297659AFC}.Release|Any CPU.ActiveCfg = Release|Any CPU
		{EFBD0B69-210E-4588-894B-75A297659AFC}.Release|Any CPU.Build.0 = Release|Any CPU
		{7C4078B6-52EE-4550-B7EE-3E2CA6785D04}.Debug|Any CPU.ActiveCfg = Debug|Any CPU
		{7C4078B6-52EE-4550-B7EE-3E2CA6785D04}.Debug|Any CPU.Build.0 = Debug|Any CPU
		{7C4078B6-52EE-4550-B7EE-3E2CA6785D04}.Release|Any CPU.ActiveCfg = Release|Any CPU
		{7C4078B6-52EE-4550-B7EE-3E2CA6785D04}.Release|Any CPU.Build.0 = Release|Any CPU
	EndGlobalSection
	GlobalSection(SolutionProperties) = preSolution
		HideSolutionNode = FALSE
	EndGlobalSection
	GlobalSection(ExtensibilityGlobals) = postSolution
		SolutionGuid = {1641CEF5-C55F-4F0D-A68B-546E302BF240}
	EndGlobalSection
EndGlobal
